
Microsoft Visual Studio Solution File, Format Version 12.00
# Visual Studio Version 17
VisualStudioVersion = 17.14.36414.22 d17.14
MinimumVisualStudioVersion = 10.0.40219.1
Project("{FAE04EC0-301F-11D3-BF4B-00C04F79EFBC}") = "z1", "z1\z1.csproj", "{375FB1AD-F8DF-429E-BB4E-511203D966E2}"
EndProject
Project("{FAE04EC0-301F-11D3-BF4B-00C04F79EFBC}") = "z2", "z2\z2.csproj", "{114452AC-F345-46F7-BD26-74A534CEE33A}"
EndProject
Project("{FAE04EC0-301F-11D3-BF4B-00C04F79EFBC}") = "z3", "z3\z3.csproj", "{5B1190EB-93A0-418B-A9E2-C819E846C287}"
EndProject
Project("{FAE04EC0-301F-11D3-BF4B-00C04F79EFBC}") = "z4", "z4\z4.csproj", "{D3FFE7C8-7217-4905-9DA5-B2965DFCB574}"
EndProject
Project("{FAE04EC0-301F-11D3-BF4B-00C04F79EFBC}") = "z5", "z5\z5.csproj", "{B6FBEECB-6E6B-470A-98A4-C68101260EC3}"
EndProject
Project("{FAE04EC0-301F-11D3-BF4B-00C04F79EFBC}") = "z6", "z6\z6.csproj", "{6D01E0AF-A0E3-48CE-842F-BEFF567A3B28}"
EndProject
Project("{FAE04EC0-301F-11D3-BF4B-00C04F79EFBC}") = "z7", "z7\z7.csproj", "{FEB2E4AD-456D-4523-AFAF-A9C13DE9EEC4}"
EndProject
Project("{FAE04EC0-301F-11D3-BF4B-00C04F79EFBC}") = "z8", "z8\z8.csproj", "{8A1D4580-684E-489F-B3EA-DB3C1FF4C1D7}"
EndProject
Global
	GlobalSection(SolutionConfigurationPlatforms) = preSolution
		Debug|Any CPU = Debug|Any CPU
		Release|Any CPU = Release|Any CPU
	EndGlobalSection
	GlobalSection(ProjectConfigurationPlatforms) = postSolution
		{375FB1AD-F8DF-429E-BB4E-511203D966E2}.Debug|Any CPU.ActiveCfg = Debug|Any CPU
		{375FB1AD-F8DF-429E-BB4E-511203D966E2}.Debug|Any CPU.Build.0 = Debug|Any CPU
		{375FB1AD-F8DF-429E-BB4E-511203D966E2}.Release|Any CPU.ActiveCfg = Release|Any CPU
		{375FB1AD-F8DF-429E-BB4E-511203D966E2}.Release|Any CPU.Build.0 = Release|Any CPU
		{114452AC-F345-46F7-BD26-74A534CEE33A}.Debug|Any CPU.ActiveCfg = Debug|Any CPU
		{114452AC-F345-46F7-BD26-74A534CEE33A}.Debug|Any CPU.Build.0 = Debug|Any CPU
		{114452AC-F345-46F7-BD26-74A534CEE33A}.Release|Any CPU.ActiveCfg = Release|Any CPU
		{114452AC-F345-46F7-BD26-74A534CEE33A}.Release|Any CPU.Build.0 = Release|Any CPU
		{5B1190EB-93A0-418B-A9E2-C819E846C287}.Debug|Any CPU.ActiveCfg = Debug|Any CPU
		{5B1190EB-93A0-418B-A9E2-C819E846C287}.Debug|Any CPU.Build.0 = Debug|Any CPU
		{5B1190EB-93A0-418B-A9E2-C819E846C287}.Release|Any CPU.ActiveCfg = Release|Any CPU
		{5B1190EB-93A0-418B-A9E2-C819E846C287}.Release|Any CPU.Build.0 = Release|Any CPU
		{D3FFE7C8-7217-4905-9DA5-B2965DFCB574}.Debug|Any CPU.ActiveCfg = Debug|Any CPU
		{D3FFE7C8-7217-4905-9DA5-B2965DFCB574}.Debug|Any CPU.Build.0 = Debug|Any CPU
		{D3FFE7C8-7217-4905-9DA5-B2965DFCB574}.Release|Any CPU.ActiveCfg = Release|Any CPU
		{D3FFE7C8-7217-4905-9DA5-B2965DFCB574}.Release|Any CPU.Build.0 = Release|Any CPU
		{B6FBEECB-6E6B-470A-98A4-C68101260EC3}.Debug|Any CPU.ActiveCfg = Debug|Any CPU
		{B6FBEECB-6E6B-470A-98A4-C68101260EC3}.Debug|Any CPU.Build.0 = Debug|Any CPU
		{B6FBEECB-6E6B-470A-98A4-C68101260EC3}.Release|Any CPU.ActiveCfg = Release|Any CPU
		{B6FBEECB-6E6B-470A-98A4-C68101260EC3}.Release|Any CPU.Build.0 = Release|Any CPU
		{6D01E0AF-A0E3-48CE-842F-BEFF567A3B28}.Debug|Any CPU.ActiveCfg = Debug|Any CPU
		{6D01E0AF-A0E3-48CE-842F-BEFF567A3B28}.Debug|Any CPU.Build.0 = Debug|Any CPU
		{6D01E0AF-A0E3-48CE-842F-BEFF567A3B28}.Release|Any CPU.ActiveCfg = Release|Any CPU
		{6D01E0AF-A0E3-48CE-842F-BEFF567A3B28}.Release|Any CPU.Build.0 = Release|Any CPU
		{FEB2E4AD-456D-4523-AFAF-A9C13DE9EEC4}.Debug|Any CPU.ActiveCfg = Debug|Any CPU
		{FEB2E4AD-456D-4523-AFAF-A9C13DE9EEC4}.Debug|Any CPU.Build.0 = Debug|Any CPU
		{FEB2E4AD-456D-4523-AFAF-A9C13DE9EEC4}.Release|Any CPU.ActiveCfg = Release|Any CPU
		{FEB2E4AD-456D-4523-AFAF-A9C13DE9EEC4}.Release|Any CPU.Build.0 = Release|Any CPU
		{8A1D4580-684E-489F-B3EA-DB3C1FF4C1D7}.Debug|Any CPU.ActiveCfg = Debug|Any CPU
		{8A1D4580-684E-489F-B3EA-DB3C1FF4C1D7}.Debug|Any CPU.Build.0 = Debug|Any CPU
		{8A1D4580-684E-489F-B3EA-DB3C1FF4C1D7}.Release|Any CPU.ActiveCfg = Release|Any CPU
		{8A1D4580-684E-489F-B3EA-DB3C1FF4C1D7}.Release|Any CPU.Build.0 = Release|Any CPU
	EndGlobalSection
	GlobalSection(SolutionProperties) = preSolution
		HideSolutionNode = FALSE
	EndGlobalSection
	GlobalSection(ExtensibilityGlobals) = postSolution
		SolutionGuid = {76FC2DD0-B7F4-4420-BAB7-8A6388EA43D0}
	EndGlobalSection
EndGlobal
