
Microsoft Visual Studio Solution File, Format Version 12.00
# Visual Studio Version 17
VisualStudioVersion = 17.14.36414.22 d17.14
MinimumVisualStudioVersion = 10.0.40219.1
Project("{FAE04EC0-301F-11D3-BF4B-00C04F79EFBC}") = "z1", "z1\z1.csproj", "{FF691989-EE13-41DC-B33E-899361001768}"
EndProject
Project("{FAE04EC0-301F-11D3-BF4B-00C04F79EFBC}") = "z2", "z2\z2.csproj", "{1C51ED81-24E5-450F-99EE-1DA47D871C97}"
EndProject
Project("{FAE04EC0-301F-11D3-BF4B-00C04F79EFBC}") = "z3", "z3\z3.csproj", "{62A5666E-1320-494C-9E65-B1F4B58CB047}"
EndProject
Project("{FAE04EC0-301F-11D3-BF4B-00C04F79EFBC}") = "z4", "z4\z4.csproj", "{BEE3F5DC-145D-403C-B34B-E9562031C2B6}"
EndProject
Global
	GlobalSection(SolutionConfigurationPlatforms) = preSolution
		Debug|Any CPU = Debug|Any CPU
		Release|Any CPU = Release|Any CPU
	EndGlobalSection
	GlobalSection(ProjectConfigurationPlatforms) = postSolution
		{FF691989-EE13-41DC-B33E-899361001768}.Debug|Any CPU.ActiveCfg = Debug|Any CPU
		{FF691989-EE13-41DC-B33E-899361001768}.Debug|Any CPU.Build.0 = Debug|Any CPU
		{FF691989-EE13-41DC-B33E-899361001768}.Release|Any CPU.ActiveCfg = Release|Any CPU
		{FF691989-EE13-41DC-B33E-899361001768}.Release|Any CPU.Build.0 = Release|Any CPU
		{1C51ED81-24E5-450F-99EE-1DA47D871C97}.Debug|Any CPU.ActiveCfg = Debug|Any CPU
		{1C51ED81-24E5-450F-99EE-1DA47D871C97}.Debug|Any CPU.Build.0 = Debug|Any CPU
		{1C51ED81-24E5-450F-99EE-1DA47D871C97}.Release|Any CPU.ActiveCfg = Release|Any CPU
		{1C51ED81-24E5-450F-99EE-1DA47D871C97}.Release|Any CPU.Build.0 = Release|Any CPU
		{62A5666E-1320-494C-9E65-B1F4B58CB047}.Debug|Any CPU.ActiveCfg = Debug|Any CPU
		{62A5666E-1320-494C-9E65-B1F4B58CB047}.Debug|Any CPU.Build.0 = Debug|Any CPU
		{62A5666E-1320-494C-9E65-B1F4B58CB047}.Release|Any CPU.ActiveCfg = Release|Any CPU
		{62A5666E-1320-494C-9E65-B1F4B58CB047}.Release|Any CPU.Build.0 = Release|Any CPU
		{BEE3F5DC-145D-403C-B34B-E9562031C2B6}.Debug|Any CPU.ActiveCfg = Debug|Any CPU
		{BEE3F5DC-145D-403C-B34B-E9562031C2B6}.Debug|Any CPU.Build.0 = Debug|Any CPU
		{BEE3F5DC-145D-403C-B34B-E9562031C2B6}.Release|Any CPU.ActiveCfg = Release|Any CPU
		{BEE3F5DC-145D-403C-B34B-E9562031C2B6}.Release|Any CPU.Build.0 = Release|Any CPU
	EndGlobalSection
	GlobalSection(SolutionProperties) = preSolution
		HideSolutionNode = FALSE
	EndGlobalSection
	GlobalSection(ExtensibilityGlobals) = postSolution
		SolutionGuid = {DBD8F73C-1B7E-46EE-BA95-31018426B2DB}
	EndGlobalSection
EndGlobal
