
Microsoft Visual Studio Solution File, Format Version 12.00
# Visual Studio Version 17
VisualStudioVersion = 17.14.36414.22 d17.14
MinimumVisualStudioVersion = 10.0.40219.1
Project("{FAE04EC0-301F-11D3-BF4B-00C04F79EFBC}") = "z1", "z1\z1.csproj", "{5C6A6285-4ED7-47D1-B865-C2164101B121}"
EndProject
Project("{FAE04EC0-301F-11D3-BF4B-00C04F79EFBC}") = "z2", "z2\z2.csproj", "{FA58AB7B-C0A9-4F78-BD10-FC62D5F064E4}"
EndProject
Project("{FAE04EC0-301F-11D3-BF4B-00C04F79EFBC}") = "z3", "z3\z3.csproj", "{DBB32645-11AE-4D12-9C64-DFCA656C8AC1}"
EndProject
Project("{FAE04EC0-301F-11D3-BF4B-00C04F79EFBC}") = "z4", "z4\z4.csproj", "{9CE90D6E-DBF7-42F3-98E5-1F121A3E607E}"
EndProject
Global
	GlobalSection(SolutionConfigurationPlatforms) = preSolution
		Debug|Any CPU = Debug|Any CPU
		Release|Any CPU = Release|Any CPU
	EndGlobalSection
	GlobalSection(ProjectConfigurationPlatforms) = postSolution
		{5C6A6285-4ED7-47D1-B865-C2164101B121}.Debug|Any CPU.ActiveCfg = Debug|Any CPU
		{5C6A6285-4ED7-47D1-B865-C2164101B121}.Debug|Any CPU.Build.0 = Debug|Any CPU
		{5C6A6285-4ED7-47D1-B865-C2164101B121}.Release|Any CPU.ActiveCfg = Release|Any CPU
		{5C6A6285-4ED7-47D1-B865-C2164101B121}.Release|Any CPU.Build.0 = Release|Any CPU
		{FA58AB7B-C0A9-4F78-BD10-FC62D5F064E4}.Debug|Any CPU.ActiveCfg = Debug|Any CPU
		{FA58AB7B-C0A9-4F78-BD10-FC62D5F064E4}.Debug|Any CPU.Build.0 = Debug|Any CPU
		{FA58AB7B-C0A9-4F78-BD10-FC62D5F064E4}.Release|Any CPU.ActiveCfg = Release|Any CPU
		{FA58AB7B-C0A9-4F78-BD10-FC62D5F064E4}.Release|Any CPU.Build.0 = Release|Any CPU
		{DBB32645-11AE-4D12-9C64-DFCA656C8AC1}.Debug|Any CPU.ActiveCfg = Debug|Any CPU
		{DBB32645-11AE-4D12-9C64-DFCA656C8AC1}.Debug|Any CPU.Build.0 = Debug|Any CPU
		{DBB32645-11AE-4D12-9C64-DFCA656C8AC1}.Release|Any CPU.ActiveCfg = Release|Any CPU
		{DBB32645-11AE-4D12-9C64-DFCA656C8AC1}.Release|Any CPU.Build.0 = Release|Any CPU
		{9CE90D6E-DBF7-42F3-98E5-1F121A3E607E}.Debug|Any CPU.ActiveCfg = Debug|Any CPU
		{9CE90D6E-DBF7-42F3-98E5-1F121A3E607E}.Debug|Any CPU.Build.0 = Debug|Any CPU
		{9CE90D6E-DBF7-42F3-98E5-1F121A3E607E}.Release|Any CPU.ActiveCfg = Release|Any CPU
		{9CE90D6E-DBF7-42F3-98E5-1F121A3E607E}.Release|Any CPU.Build.0 = Release|Any CPU
	EndGlobalSection
	GlobalSection(SolutionProperties) = preSolution
		HideSolutionNode = FALSE
	EndGlobalSection
	GlobalSection(ExtensibilityGlobals) = postSolution
		SolutionGuid = {41F7A8E3-1517-4B1A-971A-F2227D70656B}
	EndGlobalSection
EndGlobal
